
Microsoft Visual Studio Solution File, Format Version 12.00
# Visual Studio Version 17
VisualStudioVersion = 17.12.35527.113 d17.12
MinimumVisualStudioVersion = 10.0.40219.1
Project("{FAE04EC0-301F-11D3-BF4B-00C04F79EFBC}") = "ApiApartamentos", "ApiApartamentos\ApiApartamentos.csproj", "{7DFD6387-B57F-4D01-A37D-A595338D1854}"
EndProject
Project("{FAE04EC0-301F-11D3-BF4B-00C04F79EFBC}") = "DataAccessLayer", "DataAccessLayer\DataAccessLayer.csproj", "{9352894F-9421-49FB-93B7-EDE2871831DC}"
EndProject
Project("{FAE04EC0-301F-11D3-BF4B-00C04F79EFBC}") = "ClienteWeb", "ClienteWeb\ClienteWeb.csproj", "{7D330BAE-F5C7-4B58-BA99-1D58AD573139}"
EndProject
Project("{2150E333-8FDC-42A3-9474-1A3956D46DE8}") = "Elementos de la solución", "Elementos de la solución", "{309896FF-18E5-4545-8636-F58C369785FC}"
	ProjectSection(SolutionItems) = preProject
		.gitignore = .gitignore
	EndProjectSection
EndProject
Project("{FAE04EC0-301F-11D3-BF4B-00C04F79EFBC}") = "ClienteEscritorio", "ClienteEscritorio\ClienteEscritorio.csproj", "{C1A2B9D6-A8B9-4A86-93D9-51C00907031E}"
EndProject
Global
	GlobalSection(SolutionConfigurationPlatforms) = preSolution
		Debug|Any CPU = Debug|Any CPU
		Release|Any CPU = Release|Any CPU
	EndGlobalSection
	GlobalSection(ProjectConfigurationPlatforms) = postSolution
		{7DFD6387-B57F-4D01-A37D-A595338D1854}.Debug|Any CPU.ActiveCfg = Debug|Any CPU
		{7DFD6387-B57F-4D01-A37D-A595338D1854}.Debug|Any CPU.Build.0 = Debug|Any CPU
		{7DFD6387-B57F-4D01-A37D-A595338D1854}.Release|Any CPU.ActiveCfg = Release|Any CPU
		{7DFD6387-B57F-4D01-A37D-A595338D1854}.Release|Any CPU.Build.0 = Release|Any CPU
		{9352894F-9421-49FB-93B7-EDE2871831DC}.Debug|Any CPU.ActiveCfg = Debug|Any CPU
		{9352894F-9421-49FB-93B7-EDE2871831DC}.Debug|Any CPU.Build.0 = Debug|Any CPU
		{9352894F-9421-49FB-93B7-EDE2871831DC}.Release|Any CPU.ActiveCfg = Release|Any CPU
		{9352894F-9421-49FB-93B7-EDE2871831DC}.Release|Any CPU.Build.0 = Release|Any CPU
		{7D330BAE-F5C7-4B58-BA99-1D58AD573139}.Debug|Any CPU.ActiveCfg = Debug|Any CPU
		{7D330BAE-F5C7-4B58-BA99-1D58AD573139}.Debug|Any CPU.Build.0 = Debug|Any CPU
		{7D330BAE-F5C7-4B58-BA99-1D58AD573139}.Release|Any CPU.ActiveCfg = Release|Any CPU
		{7D330BAE-F5C7-4B58-BA99-1D58AD573139}.Release|Any CPU.Build.0 = Release|Any CPU
		{C1A2B9D6-A8B9-4A86-93D9-51C00907031E}.Debug|Any CPU.ActiveCfg = Debug|Any CPU
		{C1A2B9D6-A8B9-4A86-93D9-51C00907031E}.Debug|Any CPU.Build.0 = Debug|Any CPU
		{C1A2B9D6-A8B9-4A86-93D9-51C00907031E}.Release|Any CPU.ActiveCfg = Release|Any CPU
		{C1A2B9D6-A8B9-4A86-93D9-51C00907031E}.Release|Any CPU.Build.0 = Release|Any CPU
	EndGlobalSection
	GlobalSection(SolutionProperties) = preSolution
		HideSolutionNode = FALSE
	EndGlobalSection
EndGlobal
